
Microsoft Visual Studio Solution File, Format Version 12.00
# Visual Studio Version 16
VisualStudioVersion = 16.0.31702.278
MinimumVisualStudioVersion = 10.0.40219.1
Project("{FAE04EC0-301F-11D3-BF4B-00C04F79EFBC}") = "DI16", "DI16\DI16.csproj", "{CCE022B5-9A92-45FC-BB7B-510DDD38D944}"
EndProject
Global
	GlobalSection(SolutionConfigurationPlatforms) = preSolution
		Debug|Any CPU = Debug|Any CPU
		Release|Any CPU = Release|Any CPU
	EndGlobalSection
	GlobalSection(ProjectConfigurationPlatforms) = postSolution
		{CCE022B5-9A92-45FC-BB7B-510DDD38D944}.Debug|Any CPU.ActiveCfg = Debug|Any CPU
		{CCE022B5-9A92-45FC-BB7B-510DDD38D944}.Debug|Any CPU.Build.0 = Debug|Any CPU
		{CCE022B5-9A92-45FC-BB7B-510DDD38D944}.Release|Any CPU.ActiveCfg = Release|Any CPU
		{CCE022B5-9A92-45FC-BB7B-510DDD38D944}.Release|Any CPU.Build.0 = Release|Any CPU
	EndGlobalSection
	GlobalSection(SolutionProperties) = preSolution
		HideSolutionNode = FALSE
	EndGlobalSection
	GlobalSection(ExtensibilityGlobals) = postSolution
		SolutionGuid = {F9DEA66D-0276-433F-BC65-14851DF31966}
	EndGlobalSection
EndGlobal
