
Microsoft Visual Studio Solution File, Format Version 12.00
# Visual Studio Version 16
VisualStudioVersion = 16.0.31702.278
MinimumVisualStudioVersion = 10.0.40219.1
Project("{FAE04EC0-301F-11D3-BF4B-00C04F79EFBC}") = "DI13", "DI13\DI13.csproj", "{99D1153C-80AE-4B0D-85E8-4A64BA815C25}"
EndProject
Global
	GlobalSection(SolutionConfigurationPlatforms) = preSolution
		Debug|Any CPU = Debug|Any CPU
		Release|Any CPU = Release|Any CPU
	EndGlobalSection
	GlobalSection(ProjectConfigurationPlatforms) = postSolution
		{99D1153C-80AE-4B0D-85E8-4A64BA815C25}.Debug|Any CPU.ActiveCfg = Debug|Any CPU
		{99D1153C-80AE-4B0D-85E8-4A64BA815C25}.Debug|Any CPU.Build.0 = Debug|Any CPU
		{99D1153C-80AE-4B0D-85E8-4A64BA815C25}.Release|Any CPU.ActiveCfg = Release|Any CPU
		{99D1153C-80AE-4B0D-85E8-4A64BA815C25}.Release|Any CPU.Build.0 = Release|Any CPU
	EndGlobalSection
	GlobalSection(SolutionProperties) = preSolution
		HideSolutionNode = FALSE
	EndGlobalSection
	GlobalSection(ExtensibilityGlobals) = postSolution
		SolutionGuid = {186537E1-0D04-49DD-A85B-E2A5FAD2A609}
	EndGlobalSection
EndGlobal
