
Microsoft Visual Studio Solution File, Format Version 12.00
# Visual Studio Version 16
VisualStudioVersion = 16.0.31702.278
MinimumVisualStudioVersion = 10.0.40219.1
Project("{FAE04EC0-301F-11D3-BF4B-00C04F79EFBC}") = "DI18", "DI18\DI18.csproj", "{6BCAFA2B-C078-4DED-A713-A1FD0BC7E079}"
EndProject
Global
	GlobalSection(SolutionConfigurationPlatforms) = preSolution
		Debug|Any CPU = Debug|Any CPU
		Release|Any CPU = Release|Any CPU
	EndGlobalSection
	GlobalSection(ProjectConfigurationPlatforms) = postSolution
		{6BCAFA2B-C078-4DED-A713-A1FD0BC7E079}.Debug|Any CPU.ActiveCfg = Debug|Any CPU
		{6BCAFA2B-C078-4DED-A713-A1FD0BC7E079}.Debug|Any CPU.Build.0 = Debug|Any CPU
		{6BCAFA2B-C078-4DED-A713-A1FD0BC7E079}.Release|Any CPU.ActiveCfg = Release|Any CPU
		{6BCAFA2B-C078-4DED-A713-A1FD0BC7E079}.Release|Any CPU.Build.0 = Release|Any CPU
	EndGlobalSection
	GlobalSection(SolutionProperties) = preSolution
		HideSolutionNode = FALSE
	EndGlobalSection
	GlobalSection(ExtensibilityGlobals) = postSolution
		SolutionGuid = {60015D19-4736-4702-9EC3-BEFC6CCFE34C}
	EndGlobalSection
EndGlobal
