
Microsoft Visual Studio Solution File, Format Version 12.00
# Visual Studio Version 16
VisualStudioVersion = 16.0.31702.278
MinimumVisualStudioVersion = 10.0.40219.1
Project("{FAE04EC0-301F-11D3-BF4B-00C04F79EFBC}") = "DI27", "DI27\DI27.csproj", "{672AF959-8E65-44A2-AA15-C646DBE83497}"
EndProject
Global
	GlobalSection(SolutionConfigurationPlatforms) = preSolution
		Debug|Any CPU = Debug|Any CPU
		Release|Any CPU = Release|Any CPU
	EndGlobalSection
	GlobalSection(ProjectConfigurationPlatforms) = postSolution
		{672AF959-8E65-44A2-AA15-C646DBE83497}.Debug|Any CPU.ActiveCfg = Debug|Any CPU
		{672AF959-8E65-44A2-AA15-C646DBE83497}.Debug|Any CPU.Build.0 = Debug|Any CPU
		{672AF959-8E65-44A2-AA15-C646DBE83497}.Release|Any CPU.ActiveCfg = Release|Any CPU
		{672AF959-8E65-44A2-AA15-C646DBE83497}.Release|Any CPU.Build.0 = Release|Any CPU
	EndGlobalSection
	GlobalSection(SolutionProperties) = preSolution
		HideSolutionNode = FALSE
	EndGlobalSection
	GlobalSection(ExtensibilityGlobals) = postSolution
		SolutionGuid = {0411BEDE-05C0-45EC-85FC-44F11C99311F}
	EndGlobalSection
EndGlobal
