
Microsoft Visual Studio Solution File, Format Version 12.00
# Visual Studio Version 16
VisualStudioVersion = 16.0.31702.278
MinimumVisualStudioVersion = 10.0.40219.1
Project("{FAE04EC0-301F-11D3-BF4B-00C04F79EFBC}") = "DI19", "DI19\DI19.csproj", "{3D6AD269-1523-4119-8353-F93D15B266F7}"
EndProject
Global
	GlobalSection(SolutionConfigurationPlatforms) = preSolution
		Debug|Any CPU = Debug|Any CPU
		Release|Any CPU = Release|Any CPU
	EndGlobalSection
	GlobalSection(ProjectConfigurationPlatforms) = postSolution
		{3D6AD269-1523-4119-8353-F93D15B266F7}.Debug|Any CPU.ActiveCfg = Debug|Any CPU
		{3D6AD269-1523-4119-8353-F93D15B266F7}.Debug|Any CPU.Build.0 = Debug|Any CPU
		{3D6AD269-1523-4119-8353-F93D15B266F7}.Release|Any CPU.ActiveCfg = Release|Any CPU
		{3D6AD269-1523-4119-8353-F93D15B266F7}.Release|Any CPU.Build.0 = Release|Any CPU
	EndGlobalSection
	GlobalSection(SolutionProperties) = preSolution
		HideSolutionNode = FALSE
	EndGlobalSection
	GlobalSection(ExtensibilityGlobals) = postSolution
		SolutionGuid = {90BF8D5B-FE42-4EAD-B9CF-0E152A45C560}
	EndGlobalSection
EndGlobal
