
Microsoft Visual Studio Solution File, Format Version 12.00
# Visual Studio Version 16
VisualStudioVersion = 16.0.31702.278
MinimumVisualStudioVersion = 10.0.40219.1
Project("{FAE04EC0-301F-11D3-BF4B-00C04F79EFBC}") = "DI26", "DI26\DI26.csproj", "{F53D3E66-80C0-41B6-AEBA-671336808FC5}"
EndProject
Global
	GlobalSection(SolutionConfigurationPlatforms) = preSolution
		Debug|Any CPU = Debug|Any CPU
		Release|Any CPU = Release|Any CPU
	EndGlobalSection
	GlobalSection(ProjectConfigurationPlatforms) = postSolution
		{F53D3E66-80C0-41B6-AEBA-671336808FC5}.Debug|Any CPU.ActiveCfg = Debug|Any CPU
		{F53D3E66-80C0-41B6-AEBA-671336808FC5}.Debug|Any CPU.Build.0 = Debug|Any CPU
		{F53D3E66-80C0-41B6-AEBA-671336808FC5}.Release|Any CPU.ActiveCfg = Release|Any CPU
		{F53D3E66-80C0-41B6-AEBA-671336808FC5}.Release|Any CPU.Build.0 = Release|Any CPU
	EndGlobalSection
	GlobalSection(SolutionProperties) = preSolution
		HideSolutionNode = FALSE
	EndGlobalSection
	GlobalSection(ExtensibilityGlobals) = postSolution
		SolutionGuid = {83C3F800-0FC3-4E96-AD95-E196C83624D4}
	EndGlobalSection
EndGlobal
