
Microsoft Visual Studio Solution File, Format Version 12.00
# Visual Studio Version 16
VisualStudioVersion = 16.0.31702.278
MinimumVisualStudioVersion = 10.0.40219.1
Project("{FAE04EC0-301F-11D3-BF4B-00C04F79EFBC}") = "DI08", "DI08\DI08.csproj", "{0AA40D24-F801-47F4-AE97-CDE1D1298821}"
EndProject
Global
	GlobalSection(SolutionConfigurationPlatforms) = preSolution
		Debug|Any CPU = Debug|Any CPU
		Release|Any CPU = Release|Any CPU
	EndGlobalSection
	GlobalSection(ProjectConfigurationPlatforms) = postSolution
		{0AA40D24-F801-47F4-AE97-CDE1D1298821}.Debug|Any CPU.ActiveCfg = Debug|Any CPU
		{0AA40D24-F801-47F4-AE97-CDE1D1298821}.Debug|Any CPU.Build.0 = Debug|Any CPU
		{0AA40D24-F801-47F4-AE97-CDE1D1298821}.Release|Any CPU.ActiveCfg = Release|Any CPU
		{0AA40D24-F801-47F4-AE97-CDE1D1298821}.Release|Any CPU.Build.0 = Release|Any CPU
	EndGlobalSection
	GlobalSection(SolutionProperties) = preSolution
		HideSolutionNode = FALSE
	EndGlobalSection
	GlobalSection(ExtensibilityGlobals) = postSolution
		SolutionGuid = {6121792B-20A0-4DCF-8899-286B563EC84F}
	EndGlobalSection
EndGlobal
